
Microsoft Visual Studio Solution File, Format Version 12.00
# Visual Studio Version 17
VisualStudioVersion = 17.4.33103.184
MinimumVisualStudioVersion = 10.0.40219.1
Project("{FAE04EC0-301F-11D3-BF4B-00C04F79EFBC}") = "MyDraw", "MyDraw\MyDraw.csproj", "{B4769B56-9B65-49C5-85C5-4C796C509AF0}"
EndProject
Global
	GlobalSection(SolutionConfigurationPlatforms) = preSolution
		Debug|Any CPU = Debug|Any CPU
		Release|Any CPU = Release|Any CPU
	EndGlobalSection
	GlobalSection(ProjectConfigurationPlatforms) = postSolution
		{B4769B56-9B65-49C5-85C5-4C796C509AF0}.Debug|Any CPU.ActiveCfg = Debug|Any CPU
		{B4769B56-9B65-49C5-85C5-4C796C509AF0}.Debug|Any CPU.Build.0 = Debug|Any CPU
		{B4769B56-9B65-49C5-85C5-4C796C509AF0}.Release|Any CPU.ActiveCfg = Release|Any CPU
		{B4769B56-9B65-49C5-85C5-4C796C509AF0}.Release|Any CPU.Build.0 = Release|Any CPU
	EndGlobalSection
	GlobalSection(SolutionProperties) = preSolution
		HideSolutionNode = FALSE
	EndGlobalSection
	GlobalSection(ExtensibilityGlobals) = postSolution
		SolutionGuid = {8214D859-7CDD-4DD8-8A0E-37E85317AA24}
	EndGlobalSection
EndGlobal
